
Microsoft Visual Studio Solution File, Format Version 12.00
# Visual Studio Version 16
VisualStudioVersion = 16.0.30611.23
MinimumVisualStudioVersion = 15.0.26124.0
Project("{9A19103F-16F7-4668-BE54-9A1E7A4F7556}") = "Library", "Library\Library.csproj", "{E5106754-99AB-4968-B872-5CF70BA952E9}"
EndProject
Project("{9A19103F-16F7-4668-BE54-9A1E7A4F7556}") = "Library.NUnit.Tests", "Library.NUnit.Tests\Library.NUnit.Tests.csproj", "{8420DC37-DE45-408B-8616-70D08C169255}"
EndProject
Project("{9A19103F-16F7-4668-BE54-9A1E7A4F7556}") = "Library.xUnit.Tests", "Library.xUnit.Tests\Library.xUnit.Tests.csproj", "{E1FED92A-221D-477A-97AC-1B7246DDF459}"
EndProject
Project("{9A19103F-16F7-4668-BE54-9A1E7A4F7556}") = "Isolation", "Isolation\Isolation.csproj", "{C6A77373-4070-42C5-B108-F0C586807925}"
EndProject
Project("{9A19103F-16F7-4668-BE54-9A1E7A4F7556}") = "Determinism", "Determinism\Determinism.csproj", "{2473F1FF-D439-440C-B862-6287A6359E10}"
EndProject
Project("{2150E333-8FDC-42A3-9474-1A3956D46DE8}") = "Palindrome-TDD", "Palindrome-TDD", "{A07C04E3-4A24-4357-B785-2705CBAFA8DA}"
EndProject
Project("{9A19103F-16F7-4668-BE54-9A1E7A4F7556}") = "Palindrome", "Palindrome\Palindrome.csproj", "{1A499B90-62C2-4E0C-9BF6-81A2764CB7E7}"
EndProject
Project("{9A19103F-16F7-4668-BE54-9A1E7A4F7556}") = "Palindrome.Tests", "Palindrome.VerifyTests\Palindrome.Tests.csproj", "{84C6EACB-EE29-4208-93AC-8FCED7D79A33}"
EndProject
Project("{2150E333-8FDC-42A3-9474-1A3956D46DE8}") = "MoviesApi", "MoviesApi", "{620BD9E2-FD02-4004-A97E-78CA943ABCD0}"
EndProject
Project("{9A19103F-16F7-4668-BE54-9A1E7A4F7556}") = "Movies.Api", "Movies.Api\Movies.Api.csproj", "{824B64D6-E670-4500-9A33-AC9B960E6559}"
EndProject
Project("{9A19103F-16F7-4668-BE54-9A1E7A4F7556}") = "Movies.Api.Integration.Tests", "Movies.Api.Integration.Tests\Movies.Api.Integration.Tests.csproj", "{270961E5-0C0E-4916-AD09-B46058A31CB1}"
EndProject
Project("{2150E333-8FDC-42A3-9474-1A3956D46DE8}") = "Library", "Library", "{5FD8F8CA-8A54-4D8B-9D2F-CC3F0CCF25C3}"
EndProject
Global
	GlobalSection(SolutionConfigurationPlatforms) = preSolution
		Debug|Any CPU = Debug|Any CPU
		Debug|x64 = Debug|x64
		Debug|x86 = Debug|x86
		Release|Any CPU = Release|Any CPU
		Release|x64 = Release|x64
		Release|x86 = Release|x86
	EndGlobalSection
	GlobalSection(ProjectConfigurationPlatforms) = postSolution
		{E5106754-99AB-4968-B872-5CF70BA952E9}.Debug|Any CPU.ActiveCfg = Debug|Any CPU
		{E5106754-99AB-4968-B872-5CF70BA952E9}.Debug|Any CPU.Build.0 = Debug|Any CPU
		{E5106754-99AB-4968-B872-5CF70BA952E9}.Debug|x64.ActiveCfg = Debug|Any CPU
		{E5106754-99AB-4968-B872-5CF70BA952E9}.Debug|x64.Build.0 = Debug|Any CPU
		{E5106754-99AB-4968-B872-5CF70BA952E9}.Debug|x86.ActiveCfg = Debug|Any CPU
		{E5106754-99AB-4968-B872-5CF70BA952E9}.Debug|x86.Build.0 = Debug|Any CPU
		{E5106754-99AB-4968-B872-5CF70BA952E9}.Release|Any CPU.ActiveCfg = Release|Any CPU
		{E5106754-99AB-4968-B872-5CF70BA952E9}.Release|Any CPU.Build.0 = Release|Any CPU
		{E5106754-99AB-4968-B872-5CF70BA952E9}.Release|x64.ActiveCfg = Release|Any CPU
		{E5106754-99AB-4968-B872-5CF70BA952E9}.Release|x64.Build.0 = Release|Any CPU
		{E5106754-99AB-4968-B872-5CF70BA952E9}.Release|x86.ActiveCfg = Release|Any CPU
		{E5106754-99AB-4968-B872-5CF70BA952E9}.Release|x86.Build.0 = Release|Any CPU
		{8420DC37-DE45-408B-8616-70D08C169255}.Debug|Any CPU.ActiveCfg = Debug|Any CPU
		{8420DC37-DE45-408B-8616-70D08C169255}.Debug|Any CPU.Build.0 = Debug|Any CPU
		{8420DC37-DE45-408B-8616-70D08C169255}.Debug|x64.ActiveCfg = Debug|Any CPU
		{8420DC37-DE45-408B-8616-70D08C169255}.Debug|x64.Build.0 = Debug|Any CPU
		{8420DC37-DE45-408B-8616-70D08C169255}.Debug|x86.ActiveCfg = Debug|Any CPU
		{8420DC37-DE45-408B-8616-70D08C169255}.Debug|x86.Build.0 = Debug|Any CPU
		{8420DC37-DE45-408B-8616-70D08C169255}.Release|Any CPU.ActiveCfg = Release|Any CPU
		{8420DC37-DE45-408B-8616-70D08C169255}.Release|Any CPU.Build.0 = Release|Any CPU
		{8420DC37-DE45-408B-8616-70D08C169255}.Release|x64.ActiveCfg = Release|Any CPU
		{8420DC37-DE45-408B-8616-70D08C169255}.Release|x64.Build.0 = Release|Any CPU
		{8420DC37-DE45-408B-8616-70D08C169255}.Release|x86.ActiveCfg = Release|Any CPU
		{8420DC37-DE45-408B-8616-70D08C169255}.Release|x86.Build.0 = Release|Any CPU
		{E1FED92A-221D-477A-97AC-1B7246DDF459}.Debug|Any CPU.ActiveCfg = Debug|Any CPU
		{E1FED92A-221D-477A-97AC-1B7246DDF459}.Debug|Any CPU.Build.0 = Debug|Any CPU
		{E1FED92A-221D-477A-97AC-1B7246DDF459}.Debug|x64.ActiveCfg = Debug|Any CPU
		{E1FED92A-221D-477A-97AC-1B7246DDF459}.Debug|x64.Build.0 = Debug|Any CPU
		{E1FED92A-221D-477A-97AC-1B7246DDF459}.Debug|x86.ActiveCfg = Debug|Any CPU
		{E1FED92A-221D-477A-97AC-1B7246DDF459}.Debug|x86.Build.0 = Debug|Any CPU
		{E1FED92A-221D-477A-97AC-1B7246DDF459}.Release|Any CPU.ActiveCfg = Release|Any CPU
		{E1FED92A-221D-477A-97AC-1B7246DDF459}.Release|Any CPU.Build.0 = Release|Any CPU
		{E1FED92A-221D-477A-97AC-1B7246DDF459}.Release|x64.ActiveCfg = Release|Any CPU
		{E1FED92A-221D-477A-97AC-1B7246DDF459}.Release|x64.Build.0 = Release|Any CPU
		{E1FED92A-221D-477A-97AC-1B7246DDF459}.Release|x86.ActiveCfg = Release|Any CPU
		{E1FED92A-221D-477A-97AC-1B7246DDF459}.Release|x86.Build.0 = Release|Any CPU
		{C6A77373-4070-42C5-B108-F0C586807925}.Debug|Any CPU.ActiveCfg = Debug|Any CPU
		{C6A77373-4070-42C5-B108-F0C586807925}.Debug|Any CPU.Build.0 = Debug|Any CPU
		{C6A77373-4070-42C5-B108-F0C586807925}.Debug|x64.ActiveCfg = Debug|Any CPU
		{C6A77373-4070-42C5-B108-F0C586807925}.Debug|x64.Build.0 = Debug|Any CPU
		{C6A77373-4070-42C5-B108-F0C586807925}.Debug|x86.ActiveCfg = Debug|Any CPU
		{C6A77373-4070-42C5-B108-F0C586807925}.Debug|x86.Build.0 = Debug|Any CPU
		{C6A77373-4070-42C5-B108-F0C586807925}.Release|Any CPU.ActiveCfg = Release|Any CPU
		{C6A77373-4070-42C5-B108-F0C586807925}.Release|Any CPU.Build.0 = Release|Any CPU
		{C6A77373-4070-42C5-B108-F0C586807925}.Release|x64.ActiveCfg = Release|Any CPU
		{C6A77373-4070-42C5-B108-F0C586807925}.Release|x64.Build.0 = Release|Any CPU
		{C6A77373-4070-42C5-B108-F0C586807925}.Release|x86.ActiveCfg = Release|Any CPU
		{C6A77373-4070-42C5-B108-F0C586807925}.Release|x86.Build.0 = Release|Any CPU
		{2473F1FF-D439-440C-B862-6287A6359E10}.Debug|Any CPU.ActiveCfg = Debug|Any CPU
		{2473F1FF-D439-440C-B862-6287A6359E10}.Debug|Any CPU.Build.0 = Debug|Any CPU
		{2473F1FF-D439-440C-B862-6287A6359E10}.Debug|x64.ActiveCfg = Debug|Any CPU
		{2473F1FF-D439-440C-B862-6287A6359E10}.Debug|x64.Build.0 = Debug|Any CPU
		{2473F1FF-D439-440C-B862-6287A6359E10}.Debug|x86.ActiveCfg = Debug|Any CPU
		{2473F1FF-D439-440C-B862-6287A6359E10}.Debug|x86.Build.0 = Debug|Any CPU
		{2473F1FF-D439-440C-B862-6287A6359E10}.Release|Any CPU.ActiveCfg = Release|Any CPU
		{2473F1FF-D439-440C-B862-6287A6359E10}.Release|Any CPU.Build.0 = Release|Any CPU
		{2473F1FF-D439-440C-B862-6287A6359E10}.Release|x64.ActiveCfg = Release|Any CPU
		{2473F1FF-D439-440C-B862-6287A6359E10}.Release|x64.Build.0 = Release|Any CPU
		{2473F1FF-D439-440C-B862-6287A6359E10}.Release|x86.ActiveCfg = Release|Any CPU
		{2473F1FF-D439-440C-B862-6287A6359E10}.Release|x86.Build.0 = Release|Any CPU
		{1A499B90-62C2-4E0C-9BF6-81A2764CB7E7}.Debug|Any CPU.ActiveCfg = Debug|Any CPU
		{1A499B90-62C2-4E0C-9BF6-81A2764CB7E7}.Debug|Any CPU.Build.0 = Debug|Any CPU
		{1A499B90-62C2-4E0C-9BF6-81A2764CB7E7}.Debug|x64.ActiveCfg = Debug|Any CPU
		{1A499B90-62C2-4E0C-9BF6-81A2764CB7E7}.Debug|x64.Build.0 = Debug|Any CPU
		{1A499B90-62C2-4E0C-9BF6-81A2764CB7E7}.Debug|x86.ActiveCfg = Debug|Any CPU
		{1A499B90-62C2-4E0C-9BF6-81A2764CB7E7}.Debug|x86.Build.0 = Debug|Any CPU
		{1A499B90-62C2-4E0C-9BF6-81A2764CB7E7}.Release|Any CPU.ActiveCfg = Release|Any CPU
		{1A499B90-62C2-4E0C-9BF6-81A2764CB7E7}.Release|Any CPU.Build.0 = Release|Any CPU
		{1A499B90-62C2-4E0C-9BF6-81A2764CB7E7}.Release|x64.ActiveCfg = Release|Any CPU
		{1A499B90-62C2-4E0C-9BF6-81A2764CB7E7}.Release|x64.Build.0 = Release|Any CPU
		{1A499B90-62C2-4E0C-9BF6-81A2764CB7E7}.Release|x86.ActiveCfg = Release|Any CPU
		{1A499B90-62C2-4E0C-9BF6-81A2764CB7E7}.Release|x86.Build.0 = Release|Any CPU
		{84C6EACB-EE29-4208-93AC-8FCED7D79A33}.Debug|Any CPU.ActiveCfg = Debug|Any CPU
		{84C6EACB-EE29-4208-93AC-8FCED7D79A33}.Debug|Any CPU.Build.0 = Debug|Any CPU
		{84C6EACB-EE29-4208-93AC-8FCED7D79A33}.Debug|x64.ActiveCfg = Debug|Any CPU
		{84C6EACB-EE29-4208-93AC-8FCED7D79A33}.Debug|x64.Build.0 = Debug|Any CPU
		{84C6EACB-EE29-4208-93AC-8FCED7D79A33}.Debug|x86.ActiveCfg = Debug|Any CPU
		{84C6EACB-EE29-4208-93AC-8FCED7D79A33}.Debug|x86.Build.0 = Debug|Any CPU
		{84C6EACB-EE29-4208-93AC-8FCED7D79A33}.Release|Any CPU.ActiveCfg = Release|Any CPU
		{84C6EACB-EE29-4208-93AC-8FCED7D79A33}.Release|Any CPU.Build.0 = Release|Any CPU
		{84C6EACB-EE29-4208-93AC-8FCED7D79A33}.Release|x64.ActiveCfg = Release|Any CPU
		{84C6EACB-EE29-4208-93AC-8FCED7D79A33}.Release|x64.Build.0 = Release|Any CPU
		{84C6EACB-EE29-4208-93AC-8FCED7D79A33}.Release|x86.ActiveCfg = Release|Any CPU
		{84C6EACB-EE29-4208-93AC-8FCED7D79A33}.Release|x86.Build.0 = Release|Any CPU
		{824B64D6-E670-4500-9A33-AC9B960E6559}.Debug|Any CPU.ActiveCfg = Debug|Any CPU
		{824B64D6-E670-4500-9A33-AC9B960E6559}.Debug|Any CPU.Build.0 = Debug|Any CPU
		{824B64D6-E670-4500-9A33-AC9B960E6559}.Debug|x64.ActiveCfg = Debug|Any CPU
		{824B64D6-E670-4500-9A33-AC9B960E6559}.Debug|x64.Build.0 = Debug|Any CPU
		{824B64D6-E670-4500-9A33-AC9B960E6559}.Debug|x86.ActiveCfg = Debug|Any CPU
		{824B64D6-E670-4500-9A33-AC9B960E6559}.Debug|x86.Build.0 = Debug|Any CPU
		{824B64D6-E670-4500-9A33-AC9B960E6559}.Release|Any CPU.ActiveCfg = Release|Any CPU
		{824B64D6-E670-4500-9A33-AC9B960E6559}.Release|Any CPU.Build.0 = Release|Any CPU
		{824B64D6-E670-4500-9A33-AC9B960E6559}.Release|x64.ActiveCfg = Release|Any CPU
		{824B64D6-E670-4500-9A33-AC9B960E6559}.Release|x64.Build.0 = Release|Any CPU
		{824B64D6-E670-4500-9A33-AC9B960E6559}.Release|x86.ActiveCfg = Release|Any CPU
		{824B64D6-E670-4500-9A33-AC9B960E6559}.Release|x86.Build.0 = Release|Any CPU
		{270961E5-0C0E-4916-AD09-B46058A31CB1}.Debug|Any CPU.ActiveCfg = Debug|Any CPU
		{270961E5-0C0E-4916-AD09-B46058A31CB1}.Debug|Any CPU.Build.0 = Debug|Any CPU
		{270961E5-0C0E-4916-AD09-B46058A31CB1}.Debug|x64.ActiveCfg = Debug|Any CPU
		{270961E5-0C0E-4916-AD09-B46058A31CB1}.Debug|x64.Build.0 = Debug|Any CPU
		{270961E5-0C0E-4916-AD09-B46058A31CB1}.Debug|x86.ActiveCfg = Debug|Any CPU
		{270961E5-0C0E-4916-AD09-B46058A31CB1}.Debug|x86.Build.0 = Debug|Any CPU
		{270961E5-0C0E-4916-AD09-B46058A31CB1}.Release|Any CPU.ActiveCfg = Release|Any CPU
		{270961E5-0C0E-4916-AD09-B46058A31CB1}.Release|Any CPU.Build.0 = Release|Any CPU
		{270961E5-0C0E-4916-AD09-B46058A31CB1}.Release|x64.ActiveCfg = Release|Any CPU
		{270961E5-0C0E-4916-AD09-B46058A31CB1}.Release|x64.Build.0 = Release|Any CPU
		{270961E5-0C0E-4916-AD09-B46058A31CB1}.Release|x86.ActiveCfg = Release|Any CPU
		{270961E5-0C0E-4916-AD09-B46058A31CB1}.Release|x86.Build.0 = Release|Any CPU
	EndGlobalSection
	GlobalSection(SolutionProperties) = preSolution
		HideSolutionNode = FALSE
	EndGlobalSection
	GlobalSection(NestedProjects) = preSolution
		{E5106754-99AB-4968-B872-5CF70BA952E9} = {5FD8F8CA-8A54-4D8B-9D2F-CC3F0CCF25C3}
		{8420DC37-DE45-408B-8616-70D08C169255} = {5FD8F8CA-8A54-4D8B-9D2F-CC3F0CCF25C3}
		{E1FED92A-221D-477A-97AC-1B7246DDF459} = {5FD8F8CA-8A54-4D8B-9D2F-CC3F0CCF25C3}
		{C6A77373-4070-42C5-B108-F0C586807925} = {5FD8F8CA-8A54-4D8B-9D2F-CC3F0CCF25C3}
		{2473F1FF-D439-440C-B862-6287A6359E10} = {5FD8F8CA-8A54-4D8B-9D2F-CC3F0CCF25C3}
		{1A499B90-62C2-4E0C-9BF6-81A2764CB7E7} = {A07C04E3-4A24-4357-B785-2705CBAFA8DA}
		{84C6EACB-EE29-4208-93AC-8FCED7D79A33} = {A07C04E3-4A24-4357-B785-2705CBAFA8DA}
		{824B64D6-E670-4500-9A33-AC9B960E6559} = {620BD9E2-FD02-4004-A97E-78CA943ABCD0}
		{270961E5-0C0E-4916-AD09-B46058A31CB1} = {620BD9E2-FD02-4004-A97E-78CA943ABCD0}
	EndGlobalSection
	GlobalSection(ExtensibilityGlobals) = postSolution
		SolutionGuid = {C40AFE7E-F338-4F0D-881B-CA2FB8C8B82B}
	EndGlobalSection
EndGlobal
